
Microsoft Visual Studio Solution File, Format Version 12.00
# Visual Studio Version 16
VisualStudioVersion = 16.0.31624.102
MinimumVisualStudioVersion = 10.0.40219.1
Project("{FAE04EC0-301F-11D3-BF4B-00C04F79EFBC}") = "Cursova_Ships", "Cursova_Ships\Cursova_Ships.csproj", "{0426CF75-922E-4389-BB3A-E37EDB79247B}"
EndProject
Global
	GlobalSection(SolutionConfigurationPlatforms) = preSolution
		Debug|Any CPU = Debug|Any CPU
		Release|Any CPU = Release|Any CPU
	EndGlobalSection
	GlobalSection(ProjectConfigurationPlatforms) = postSolution
		{0426CF75-922E-4389-BB3A-E37EDB79247B}.Debug|Any CPU.ActiveCfg = Debug|Any CPU
		{0426CF75-922E-4389-BB3A-E37EDB79247B}.Debug|Any CPU.Build.0 = Debug|Any CPU
		{0426CF75-922E-4389-BB3A-E37EDB79247B}.Release|Any CPU.ActiveCfg = Release|Any CPU
		{0426CF75-922E-4389-BB3A-E37EDB79247B}.Release|Any CPU.Build.0 = Release|Any CPU
	EndGlobalSection
	GlobalSection(SolutionProperties) = preSolution
		HideSolutionNode = FALSE
	EndGlobalSection
	GlobalSection(ExtensibilityGlobals) = postSolution
		SolutionGuid = {CBC118C3-E97C-4746-A4DC-EABE94452AED}
	EndGlobalSection
EndGlobal
